{
  "name": "promhub",
  "lockfileVersion": 3,
  "requires": true,
  "packages": {
    "": {
      "dependencies": {
        "@right-menu/core": "^0.0.7"
      }
    },
    "node_modules/@right-menu/core": {
      "version": "0.0.7",
      "resolved": "https://registry.npmjs.org/@right-menu/core/-/core-0.0.7.tgz",
      "integrity": "sha512-DMqdTOfFflBWrBcmsq4oP+vDn47d4YopjOALVxSpt/KJdV0TYwsGiIXMPomd46eHjTHJS7NDDsfajPastgPR7w=="
    }
  }
}
